{
  "requires": true,
  "lockfileVersion": 1,
  "dependencies": {
    "granim": {
      "version": "2.0.0",
      "resolved": "https://registry.npmjs.org/granim/-/granim-2.0.0.tgz",
      "integrity": "sha512-aqa79K49ndjoUBtpYzlO8sKcuVQED+5axvX0SveqTLDR+Fa2G42AGntuQ36ysCFOWGVkWCLfHowFwk+D/9rGDg=="
    }
  }
}
